# @generated by Move, please check-in and do not edit manually.

[move]
version = 3
manifest_digest = "FF34ACD3D5DC9530AA8FF3F361059305C17D70C0EEF11E41FABE37E5E022FC43"
deps_digest = "F8BBB0CCB2491CA29A3DF03D6F92277A4F3574266507ACD77214D37ECA3F3082"
dependencies = [
  { id = "Sui", name = "Sui" },
]

[[move.package]]
id = "MoveStdlib"
source = { git = "https://github.com/MystenLabs/sui.git", rev = "framework/testnet", subdir = "crates/sui-framework/packages/move-stdlib" }

[[move.package]]
id = "Sui"
source = { git = "https://github.com/MystenLabs/sui.git", rev = "framework/testnet", subdir = "crates/sui-framework/packages/sui-framework" }

dependencies = [
  { id = "MoveStdlib", name = "MoveStdlib" },
]

[move.toolchain-version]
compiler-version = "1.34.1"
edition = "2024.beta"
flavor = "sui"

[env]

[env.testnet]
chain-id = "4c78adac"
original-published-id = "0xd1fdf1270ca89b28a68d02e1b0bf20b8438d72c51ca207ab3d1790ba528d6513"
latest-published-id = "0xd1fdf1270ca89b28a68d02e1b0bf20b8438d72c51ca207ab3d1790ba528d6513"
published-version = "1"

[env.devnet]
chain-id = "2c075563"
original-published-id = "0x376eef01754d064bd107c81ed6f347e4a5734082009c231baa1ee7e3e41a8fa8"
latest-published-id = "0x376eef01754d064bd107c81ed6f347e4a5734082009c231baa1ee7e3e41a8fa8"
published-version = "1"
